
Microsoft Visual Studio Solution File, Format Version 12.00
# Visual Studio Version 17
VisualStudioVersion = 17.14.36401.2
MinimumVisualStudioVersion = 10.0.40219.1
Project("{FAE04EC0-301F-11D3-BF4B-00C04F79EFBC}") = "MigracionDB", "MigracionDB\MigracionDB.csproj", "{1AA2C3A7-4141-41EA-849A-967D9E2EF5FC}"
EndProject
Global
	GlobalSection(SolutionConfigurationPlatforms) = preSolution
		Debug|Any CPU = Debug|Any CPU
		Release|Any CPU = Release|Any CPU
	EndGlobalSection
	GlobalSection(ProjectConfigurationPlatforms) = postSolution
		{1AA2C3A7-4141-41EA-849A-967D9E2EF5FC}.Debug|Any CPU.ActiveCfg = Debug|Any CPU
		{1AA2C3A7-4141-41EA-849A-967D9E2EF5FC}.Debug|Any CPU.Build.0 = Debug|Any CPU
		{1AA2C3A7-4141-41EA-849A-967D9E2EF5FC}.Release|Any CPU.ActiveCfg = Release|Any CPU
		{1AA2C3A7-4141-41EA-849A-967D9E2EF5FC}.Release|Any CPU.Build.0 = Release|Any CPU
	EndGlobalSection
	GlobalSection(SolutionProperties) = preSolution
		HideSolutionNode = FALSE
	EndGlobalSection
	GlobalSection(ExtensibilityGlobals) = postSolution
		SolutionGuid = {682BC4B6-379F-4B4D-A793-B65197856C92}
	EndGlobalSection
EndGlobal
