
Microsoft Visual Studio Solution File, Format Version 12.00
# Visual Studio Version 17
VisualStudioVersion = 17.14.36401.2 d17.14
MinimumVisualStudioVersion = 10.0.40219.1
Project("{FAE04EC0-301F-11D3-BF4B-00C04F79EFBC}") = "ActividadAsincrona2", "ActividadAsincrona2\ActividadAsincrona2.csproj", "{9C8A527A-EDB6-42B7-8494-371D3C6D4C8B}"
EndProject
Global
	GlobalSection(SolutionConfigurationPlatforms) = preSolution
		Debug|Any CPU = Debug|Any CPU
		Release|Any CPU = Release|Any CPU
	EndGlobalSection
	GlobalSection(ProjectConfigurationPlatforms) = postSolution
		{9C8A527A-EDB6-42B7-8494-371D3C6D4C8B}.Debug|Any CPU.ActiveCfg = Debug|Any CPU
		{9C8A527A-EDB6-42B7-8494-371D3C6D4C8B}.Debug|Any CPU.Build.0 = Debug|Any CPU
		{9C8A527A-EDB6-42B7-8494-371D3C6D4C8B}.Release|Any CPU.ActiveCfg = Release|Any CPU
		{9C8A527A-EDB6-42B7-8494-371D3C6D4C8B}.Release|Any CPU.Build.0 = Release|Any CPU
	EndGlobalSection
	GlobalSection(SolutionProperties) = preSolution
		HideSolutionNode = FALSE
	EndGlobalSection
	GlobalSection(ExtensibilityGlobals) = postSolution
		SolutionGuid = {87331E90-DBF6-4B34-BFBD-D2BDAE7B64C7}
	EndGlobalSection
EndGlobal
