
Microsoft Visual Studio Solution File, Format Version 12.00
# Visual Studio Version 17
VisualStudioVersion = 17.14.36401.2 d17.14
MinimumVisualStudioVersion = 10.0.40219.1
Project("{FAE04EC0-301F-11D3-BF4B-00C04F79EFBC}") = "MVC4", "MVC4.csproj", "{E97A157B-3042-5916-94D6-80328D39C946}"
EndProject
Global
	GlobalSection(SolutionConfigurationPlatforms) = preSolution
		Debug|Any CPU = Debug|Any CPU
		Release|Any CPU = Release|Any CPU
	EndGlobalSection
	GlobalSection(ProjectConfigurationPlatforms) = postSolution
		{E97A157B-3042-5916-94D6-80328D39C946}.Debug|Any CPU.ActiveCfg = Debug|Any CPU
		{E97A157B-3042-5916-94D6-80328D39C946}.Debug|Any CPU.Build.0 = Debug|Any CPU
		{E97A157B-3042-5916-94D6-80328D39C946}.Release|Any CPU.ActiveCfg = Release|Any CPU
		{E97A157B-3042-5916-94D6-80328D39C946}.Release|Any CPU.Build.0 = Release|Any CPU
	EndGlobalSection
	GlobalSection(SolutionProperties) = preSolution
		HideSolutionNode = FALSE
	EndGlobalSection
	GlobalSection(ExtensibilityGlobals) = postSolution
		SolutionGuid = {C70D194F-46D3-4877-8D09-1F96AA55E25B}
	EndGlobalSection
EndGlobal
